
Microsoft Visual Studio Solution File, Format Version 12.00
# Visual Studio Version 17
VisualStudioVersion = 17.10.34928.147
MinimumVisualStudioVersion = 10.0.40219.1
Project("{FAE04EC0-301F-11D3-BF4B-00C04F79EFBC}") = "CourseManagementSystem_v1", "CourseManagementSystem_v1\CourseManagementSystem_v1.csproj", "{9F3C076B-815F-488E-9CB9-784057F8777D}"
EndProject
Global
	GlobalSection(SolutionConfigurationPlatforms) = preSolution
		Debug|Any CPU = Debug|Any CPU
		Release|Any CPU = Release|Any CPU
	EndGlobalSection
	GlobalSection(ProjectConfigurationPlatforms) = postSolution
		{9F3C076B-815F-488E-9CB9-784057F8777D}.Debug|Any CPU.ActiveCfg = Debug|Any CPU
		{9F3C076B-815F-488E-9CB9-784057F8777D}.Debug|Any CPU.Build.0 = Debug|Any CPU
		{9F3C076B-815F-488E-9CB9-784057F8777D}.Release|Any CPU.ActiveCfg = Release|Any CPU
		{9F3C076B-815F-488E-9CB9-784057F8777D}.Release|Any CPU.Build.0 = Release|Any CPU
	EndGlobalSection
	GlobalSection(SolutionProperties) = preSolution
		HideSolutionNode = FALSE
	EndGlobalSection
	GlobalSection(ExtensibilityGlobals) = postSolution
		SolutionGuid = {8A323F5F-BEE8-4B4E-9AD2-590874B784B7}
	EndGlobalSection
EndGlobal
